
Microsoft Visual Studio Solution File, Format Version 12.00
# Visual Studio 15
Project("{FAE04EC0-301F-11D3-BF4B-00C04F79EFBC}") = "InstabilityFinder", "Core\InstabilityFinder.csproj", "{262A9886-10CB-4835-A04E-9CB628E9AB46}"
EndProject
Global
	GlobalSection(SolutionConfigurationPlatforms) = preSolution
		Debug|anycpu = Debug|anycpu
		Release|anycpu = Release|anycpu
	EndGlobalSection
	GlobalSection(ProjectConfigurationPlatforms) = postSolution
		{262A9886-10CB-4835-A04E-9CB628E9AB46}.Debug|anycpu.ActiveCfg = Debug|anycpu
		{262A9886-10CB-4835-A04E-9CB628E9AB46}.Debug|anycpu.Build.0 = Debug|anycpu
		{262A9886-10CB-4835-A04E-9CB628E9AB46}.Release|anycpu.ActiveCfg = Release|anycpu
		{262A9886-10CB-4835-A04E-9CB628E9AB46}.Release|anycpu.Build.0 = Release|anycpu
	EndGlobalSection
EndGlobal
